// !$*UTF8*$!
{
	archiveVersion = 1;
	classes = {
	};
	objectVersion = 50;
	objects = {

/* Begin PBXBuildFile section */
		4921182E248FFC7B00D93EA3 /* AppDelegate.swift in Sources */ = {isa = PBXBuildFile; fileRef = 4921182D248FFC7B00D93EA3 /* AppDelegate.swift */; };
		49211830248FFC7B00D93EA3 /* SceneDelegate.swift in Sources */ = {isa = PBXBuildFile; fileRef = 4921182F248FFC7B00D93EA3 /* SceneDelegate.swift */; };
		49211832248FFC7B00D93EA3 /* ViewController.swift in Sources */ = {isa = PBXBuildFile; fileRef = 49211831248FFC7B00D93EA3 /* ViewController.swift */; };
		49211835248FFC7B00D93EA3 /* Main.storyboard in Resources */ = {isa = PBXBuildFile; fileRef = 49211833248FFC7B00D93EA3 /* Main.storyboard */; };
		49211838248FFC7B00D93EA3 /* Final_Project.xcdatamodeld in Sources */ = {isa = PBXBuildFile; fileRef = 49211836248FFC7B00D93EA3 /* Final_Project.xcdatamodeld */; };
		4921183A248FFC8000D93EA3 /* Assets.xcassets in Resources */ = {isa = PBXBuildFile; fileRef = 49211839248FFC8000D93EA3 /* Assets.xcassets */; };
		4921183D248FFC8000D93EA3 /* LaunchScreen.storyboard in Resources */ = {isa = PBXBuildFile; fileRef = 4921183B248FFC8000D93EA3 /* LaunchScreen.storyboard */; };
		49211848248FFC8000D93EA3 /* Final_ProjectTests.swift in Sources */ = {isa = PBXBuildFile; fileRef = 49211847248FFC8000D93EA3 /* Final_ProjectTests.swift */; };
		49211853248FFC8000D93EA3 /* Final_ProjectUITests.swift in Sources */ = {isa = PBXBuildFile; fileRef = 49211852248FFC8000D93EA3 /* Final_ProjectUITests.swift */; };
		AA32F04924927C1400A9A3DE /* HomeViewController.swift in Sources */ = {isa = PBXBuildFile; fileRef = AA32F04824927C1400A9A3DE /* HomeViewController.swift */; };
		AA32F04B24927C4900A9A3DE /* PopularViewController.swift in Sources */ = {isa = PBXBuildFile; fileRef = AA32F04A24927C4900A9A3DE /* PopularViewController.swift */; };
		AA32F04D24927CBC00A9A3DE /* MeanGirlsViewController.swift in Sources */ = {isa = PBXBuildFile; fileRef = AA32F04C24927CBC00A9A3DE /* MeanGirlsViewController.swift */; };
		AA32F04F24927CE300A9A3DE /* MeanGirlsCastViewController.swift in Sources */ = {isa = PBXBuildFile; fileRef = AA32F04E24927CE300A9A3DE /* MeanGirlsCastViewController.swift */; };
		AA32F05124927D1400A9A3DE /* NewsiesViewController.swift in Sources */ = {isa = PBXBuildFile; fileRef = AA32F05024927D1400A9A3DE /* NewsiesViewController.swift */; };
		AA32F05324927D5F00A9A3DE /* NewsiesCastViewController.swift in Sources */ = {isa = PBXBuildFile; fileRef = AA32F05224927D5F00A9A3DE /* NewsiesCastViewController.swift */; };
		AA32F0552492900500A9A3DE /* HamiltonViewController.swift in Sources */ = {isa = PBXBuildFile; fileRef = AA32F0542492900500A9A3DE /* HamiltonViewController.swift */; };
		AA32F0572492904000A9A3DE /* HamiltonCastViewController.swift in Sources */ = {isa = PBXBuildFile; fileRef = AA32F0562492904000A9A3DE /* HamiltonCastViewController.swift */; };
		AA32F0592492A99300A9A3DE /* FavoriteViewController.swift in Sources */ = {isa = PBXBuildFile; fileRef = AA32F0582492A99300A9A3DE /* FavoriteViewController.swift */; };
/* End PBXBuildFile section */

/* Begin PBXContainerItemProxy section */
		49211844248FFC8000D93EA3 /* PBXContainerItemProxy */ = {
			isa = PBXContainerItemProxy;
			containerPortal = 49211822248FFC7B00D93EA3 /* Project object */;
			proxyType = 1;
			remoteGlobalIDString = 49211829248FFC7B00D93EA3;
			remoteInfo = "Final Project";
		};
		4921184F248FFC8000D93EA3 /* PBXContainerItemProxy */ = {
			isa = PBXContainerItemProxy;
			containerPortal = 49211822248FFC7B00D93EA3 /* Project object */;
			proxyType = 1;
			remoteGlobalIDString = 49211829248FFC7B00D93EA3;
			remoteInfo = "Final Project";
		};
/* End PBXContainerItemProxy section */

/* Begin PBXFileReference section */
		4921182A248FFC7B00D93EA3 /* Final Project.app */ = {isa = PBXFileReference; explicitFileType = wrapper.application; includeInIndex = 0; path = "Final Project.app"; sourceTree = BUILT_PRODUCTS_DIR; };
		4921182D248FFC7B00D93EA3 /* AppDelegate.swift */ = {isa = PBXFileReference; lastKnownFileType = sourcecode.swift; path = AppDelegate.swift; sourceTree = "<group>"; };
		4921182F248FFC7B00D93EA3 /* SceneDelegate.swift */ = {isa = PBXFileReference; lastKnownFileType = sourcecode.swift; path = SceneDelegate.swift; sourceTree = "<group>"; };
		49211831248FFC7B00D93EA3 /* ViewController.swift */ = {isa = PBXFileReference; lastKnownFileType = sourcecode.swift; path = ViewController.swift; sourceTree = "<group>"; };
		49211834248FFC7B00D93EA3 /* Base */ = {isa = PBXFileReference; lastKnownFileType = file.storyboard; name = Base; path = Base.lproj/Main.storyboard; sourceTree = "<group>"; };
		49211837248FFC7B00D93EA3 /* Final_Project.xcdatamodel */ = {isa = PBXFileReference; lastKnownFileType = wrapper.xcdatamodel; path = Final_Project.xcdatamodel; sourceTree = "<group>"; };
		49211839248FFC8000D93EA3 /* Assets.xcassets */ = {isa = PBXFileReference; lastKnownFileType = folder.assetcatalog; path = Assets.xcassets; sourceTree = "<group>"; };
		4921183C248FFC8000D93EA3 /* Base */ = {isa = PBXFileReference; lastKnownFileType = file.storyboard; name = Base; path = Base.lproj/LaunchScreen.storyboard; sourceTree = "<group>"; };
		4921183E248FFC8000D93EA3 /* Info.plist */ = {isa = PBXFileReference; lastKnownFileType = text.plist.xml; path = Info.plist; sourceTree = "<group>"; };
		49211843248FFC8000D93EA3 /* Final ProjectTests.xctest */ = {isa = PBXFileReference; explicitFileType = wrapper.cfbundle; includeInIndex = 0; path = "Final ProjectTests.xctest"; sourceTree = BUILT_PRODUCTS_DIR; };
		49211847248FFC8000D93EA3 /* Final_ProjectTests.swift */ = {isa = PBXFileReference; lastKnownFileType = sourcecode.swift; path = Final_ProjectTests.swift; sourceTree = "<group>"; };
		49211849248FFC8000D93EA3 /* Info.plist */ = {isa = PBXFileReference; lastKnownFileType = text.plist.xml; path = Info.plist; sourceTree = "<group>"; };
		4921184E248FFC8000D93EA3 /* Final ProjectUITests.xctest */ = {isa = PBXFileReference; explicitFileType = wrapper.cfbundle; includeInIndex = 0; path = "Final ProjectUITests.xctest"; sourceTree = BUILT_PRODUCTS_DIR; };
		49211852248FFC8000D93EA3 /* Final_ProjectUITests.swift */ = {isa = PBXFileReference; lastKnownFileType = sourcecode.swift; path = Final_ProjectUITests.swift; sourceTree = "<group>"; };
		49211854248FFC8000D93EA3 /* Info.plist */ = {isa = PBXFileReference; lastKnownFileType = text.plist.xml; path = Info.plist; sourceTree = "<group>"; };
		AA32F04824927C1400A9A3DE /* HomeViewController.swift */ = {isa = PBXFileReference; lastKnownFileType = sourcecode.swift; path = HomeViewController.swift; sourceTree = "<group>"; };
		AA32F04A24927C4900A9A3DE /* PopularViewController.swift */ = {isa = PBXFileReference; lastKnownFileType = sourcecode.swift; path = PopularViewController.swift; sourceTree = "<group>"; };
		AA32F04C24927CBC00A9A3DE /* MeanGirlsViewController.swift */ = {isa = PBXFileReference; lastKnownFileType = sourcecode.swift; path = MeanGirlsViewController.swift; sourceTree = "<group>"; };
		AA32F04E24927CE300A9A3DE /* MeanGirlsCastViewController.swift */ = {isa = PBXFileReference; lastKnownFileType = sourcecode.swift; path = MeanGirlsCastViewController.swift; sourceTree = "<group>"; };
		AA32F05024927D1400A9A3DE /* NewsiesViewController.swift */ = {isa = PBXFileReference; lastKnownFileType = sourcecode.swift; path = NewsiesViewController.swift; sourceTree = "<group>"; };
		AA32F05224927D5F00A9A3DE /* NewsiesCastViewController.swift */ = {isa = PBXFileReference; lastKnownFileType = sourcecode.swift; path = NewsiesCastViewController.swift; sourceTree = "<group>"; };
		AA32F0542492900500A9A3DE /* HamiltonViewController.swift */ = {isa = PBXFileReference; lastKnownFileType = sourcecode.swift; path = HamiltonViewController.swift; sourceTree = "<group>"; };
		AA32F0562492904000A9A3DE /* HamiltonCastViewController.swift */ = {isa = PBXFileReference; lastKnownFileType = sourcecode.swift; path = HamiltonCastViewController.swift; sourceTree = "<group>"; };
		AA32F0582492A99300A9A3DE /* FavoriteViewController.swift */ = {isa = PBXFileReference; lastKnownFileType = sourcecode.swift; path = FavoriteViewController.swift; sourceTree = "<group>"; };
/* End PBXFileReference section */

/* Begin PBXFrameworksBuildPhase section */
		49211827248FFC7B00D93EA3 /* Frameworks */ = {
			isa = PBXFrameworksBuildPhase;
			buildActionMask = 2147483647;
			files = (
			);
			runOnlyForDeploymentPostprocessing = 0;
		};
		49211840248FFC8000D93EA3 /* Frameworks */ = {
			isa = PBXFrameworksBuildPhase;
			buildActionMask = 2147483647;
			files = (
			);
			runOnlyForDeploymentPostprocessing = 0;
		};
		4921184B248FFC8000D93EA3 /* Frameworks */ = {
			isa = PBXFrameworksBuildPhase;
			buildActionMask = 2147483647;
			files = (
			);
			runOnlyForDeploymentPostprocessing = 0;
		};
/* End PBXFrameworksBuildPhase section */

/* Begin PBXGroup section */
		49211821248FFC7B00D93EA3 = {
			isa = PBXGroup;
			children = (
				4921182C248FFC7B00D93EA3 /* Final Project */,
				49211846248FFC8000D93EA3 /* Final ProjectTests */,
				49211851248FFC8000D93EA3 /* Final ProjectUITests */,
				4921182B248FFC7B00D93EA3 /* Products */,
			);
			sourceTree = "<group>";
		};
		4921182B248FFC7B00D93EA3 /* Products */ = {
			isa = PBXGroup;
			children = (
				4921182A248FFC7B00D93EA3 /* Final Project.app */,
				49211843248FFC8000D93EA3 /* Final ProjectTests.xctest */,
				4921184E248FFC8000D93EA3 /* Final ProjectUITests.xctest */,
			);
			name = Products;
			sourceTree = "<group>";
		};
		4921182C248FFC7B00D93EA3 /* Final Project */ = {
			isa = PBXGroup;
			children = (
				4921182D248FFC7B00D93EA3 /* AppDelegate.swift */,
				4921182F248FFC7B00D93EA3 /* SceneDelegate.swift */,
				49211831248FFC7B00D93EA3 /* ViewController.swift */,
				49211833248FFC7B00D93EA3 /* Main.storyboard */,
				AA32F04824927C1400A9A3DE /* HomeViewController.swift */,
				AA32F04A24927C4900A9A3DE /* PopularViewController.swift */,
				AA32F04C24927CBC00A9A3DE /* MeanGirlsViewController.swift */,
				AA32F04E24927CE300A9A3DE /* MeanGirlsCastViewController.swift */,
				AA32F05024927D1400A9A3DE /* NewsiesViewController.swift */,
				AA32F05224927D5F00A9A3DE /* NewsiesCastViewController.swift */,
				AA32F0542492900500A9A3DE /* HamiltonViewController.swift */,
				AA32F0562492904000A9A3DE /* HamiltonCastViewController.swift */,
				AA32F0582492A99300A9A3DE /* FavoriteViewController.swift */,
				49211839248FFC8000D93EA3 /* Assets.xcassets */,
				4921183B248FFC8000D93EA3 /* LaunchScreen.storyboard */,
				4921183E248FFC8000D93EA3 /* Info.plist */,
				49211836248FFC7B00D93EA3 /* Final_Project.xcdatamodeld */,
			);
			path = "Final Project";
			sourceTree = "<group>";
		};
		49211846248FFC8000D93EA3 /* Final ProjectTests */ = {
			isa = PBXGroup;
			children = (
				49211847248FFC8000D93EA3 /* Final_ProjectTests.swift */,
				49211849248FFC8000D93EA3 /* Info.plist */,
			);
			path = "Final ProjectTests";
			sourceTree = "<group>";
		};
		49211851248FFC8000D93EA3 /* Final ProjectUITests */ = {
			isa = PBXGroup;
			children = (
				49211852248FFC8000D93EA3 /* Final_ProjectUITests.swift */,
				49211854248FFC8000D93EA3 /* Info.plist */,
			);
			path = "Final ProjectUITests";
			sourceTree = "<group>";
		};
/* End PBXGroup section */

/* Begin PBXNativeTarget section */
		49211829248FFC7B00D93EA3 /* Final Project */ = {
			isa = PBXNativeTarget;
			buildConfigurationList = 49211857248FFC8000D93EA3 /* Build configuration list for PBXNativeTarget "Final Project" */;
			buildPhases = (
				49211826248FFC7B00D93EA3 /* Sources */,
				49211827248FFC7B00D93EA3 /* Frameworks */,
				49211828248FFC7B00D93EA3 /* Resources */,
			);
			buildRules = (
			);
			dependencies = (
			);
			name = "Final Project";
			productName = "Final Project";
			productReference = 4921182A248FFC7B00D93EA3 /* Final Project.app */;
			productType = "com.apple.product-type.application";
		};
		49211842248FFC8000D93EA3 /* Final ProjectTests */ = {
			isa = PBXNativeTarget;
			buildConfigurationList = 4921185A248FFC8000D93EA3 /* Build configuration list for PBXNativeTarget "Final ProjectTests" */;
			buildPhases = (
				4921183F248FFC8000D93EA3 /* Sources */,
				49211840248FFC8000D93EA3 /* Frameworks */,
				49211841248FFC8000D93EA3 /* Resources */,
			);
			buildRules = (
			);
			dependencies = (
				49211845248FFC8000D93EA3 /* PBXTargetDependency */,
			);
			name = "Final ProjectTests";
			productName = "Final ProjectTests";
			productReference = 49211843248FFC8000D93EA3 /* Final ProjectTests.xctest */;
			productType = "com.apple.product-type.bundle.unit-test";
		};
		4921184D248FFC8000D93EA3 /* Final ProjectUITests */ = {
			isa = PBXNativeTarget;
			buildConfigurationList = 4921185D248FFC8000D93EA3 /* Build configuration list for PBXNativeTarget "Final ProjectUITests" */;
			buildPhases = (
				4921184A248FFC8000D93EA3 /* Sources */,
				4921184B248FFC8000D93EA3 /* Frameworks */,
				4921184C248FFC8000D93EA3 /* Resources */,
			);
			buildRules = (
			);
			dependencies = (
				49211850248FFC8000D93EA3 /* PBXTargetDependency */,
			);
			name = "Final ProjectUITests";
			productName = "Final ProjectUITests";
			productReference = 4921184E248FFC8000D93EA3 /* Final ProjectUITests.xctest */;
			productType = "com.apple.product-type.bundle.ui-testing";
		};
/* End PBXNativeTarget section */

/* Begin PBXProject section */
		49211822248FFC7B00D93EA3 /* Project object */ = {
			isa = PBXProject;
			attributes = {
				LastSwiftUpdateCheck = 1150;
				LastUpgradeCheck = 1150;
				ORGANIZATIONNAME = "Tanvi Shanbhag";
				TargetAttributes = {
					49211829248FFC7B00D93EA3 = {
						CreatedOnToolsVersion = 11.5;
					};
					49211842248FFC8000D93EA3 = {
						CreatedOnToolsVersion = 11.5;
						TestTargetID = 49211829248FFC7B00D93EA3;
					};
					4921184D248FFC8000D93EA3 = {
						CreatedOnToolsVersion = 11.5;
						TestTargetID = 49211829248FFC7B00D93EA3;
					};
				};
			};
			buildConfigurationList = 49211825248FFC7B00D93EA3 /* Build configuration list for PBXProject "Final Project" */;
			compatibilityVersion = "Xcode 9.3";
			developmentRegion = en;
			hasScannedForEncodings = 0;
			knownRegions = (
				en,
				Base,
			);
			mainGroup = 49211821248FFC7B00D93EA3;
			productRefGroup = 4921182B248FFC7B00D93EA3 /* Products */;
			projectDirPath = "";
			projectRoot = "";
			targets = (
				49211829248FFC7B00D93EA3 /* Final Project */,
				49211842248FFC8000D93EA3 /* Final ProjectTests */,
				4921184D248FFC8000D93EA3 /* Final ProjectUITests */,
			);
		};
/* End PBXProject section */

/* Begin PBXResourcesBuildPhase section */
		49211828248FFC7B00D93EA3 /* Resources */ = {
			isa = PBXResourcesBuildPhase;
			buildActionMask = 2147483647;
			files = (
				4921183D248FFC8000D93EA3 /* LaunchScreen.storyboard in Resources */,
				4921183A248FFC8000D93EA3 /* Assets.xcassets in Resources */,
				49211835248FFC7B00D93EA3 /* Main.storyboard in Resources */,
			);
			runOnlyForDeploymentPostprocessing = 0;
		};
		49211841248FFC8000D93EA3 /* Resources */ = {
			isa = PBXResourcesBuildPhase;
			buildActionMask = 2147483647;
			files = (
			);
			runOnlyForDeploymentPostprocessing = 0;
		};
		4921184C248FFC8000D93EA3 /* Resources */ = {
			isa = PBXResourcesBuildPhase;
			buildActionMask = 2147483647;
			files = (
			);
			runOnlyForDeploymentPostprocessing = 0;
		};
/* End PBXResourcesBuildPhase section */

/* Begin PBXSourcesBuildPhase section */
		49211826248FFC7B00D93EA3 /* Sources */ = {
			isa = PBXSourcesBuildPhase;
			buildActionMask = 2147483647;
			files = (
				AA32F04F24927CE300A9A3DE /* MeanGirlsCastViewController.swift in Sources */,
				AA32F04B24927C4900A9A3DE /* PopularViewController.swift in Sources */,
				AA32F05124927D1400A9A3DE /* NewsiesViewController.swift in Sources */,
				AA32F04924927C1400A9A3DE /* HomeViewController.swift in Sources */,
				49211832248FFC7B00D93EA3 /* ViewController.swift in Sources */,
				4921182E248FFC7B00D93EA3 /* AppDelegate.swift in Sources */,
				AA32F0552492900500A9A3DE /* HamiltonViewController.swift in Sources */,
				AA32F05324927D5F00A9A3DE /* NewsiesCastViewController.swift in Sources */,
				AA32F04D24927CBC00A9A3DE /* MeanGirlsViewController.swift in Sources */,
				AA32F0592492A99300A9A3DE /* FavoriteViewController.swift in Sources */,
				49211838248FFC7B00D93EA3 /* Final_Project.xcdatamodeld in Sources */,
				AA32F0572492904000A9A3DE /* HamiltonCastViewController.swift in Sources */,
				49211830248FFC7B00D93EA3 /* SceneDelegate.swift in Sources */,
			);
			runOnlyForDeploymentPostprocessing = 0;
		};
		4921183F248FFC8000D93EA3 /* Sources */ = {
			isa = PBXSourcesBuildPhase;
			buildActionMask = 2147483647;
			files = (
				49211848248FFC8000D93EA3 /* Final_ProjectTests.swift in Sources */,
			);
			runOnlyForDeploymentPostprocessing = 0;
		};
		4921184A248FFC8000D93EA3 /* Sources */ = {
			isa = PBXSourcesBuildPhase;
			buildActionMask = 2147483647;
			files = (
				49211853248FFC8000D93EA3 /* Final_ProjectUITests.swift in Sources */,
			);
			runOnlyForDeploymentPostprocessing = 0;
		};
/* End PBXSourcesBuildPhase section */

/* Begin PBXTargetDependency section */
		49211845248FFC8000D93EA3 /* PBXTargetDependency */ = {
			isa = PBXTargetDependency;
			target = 49211829248FFC7B00D93EA3 /* Final Project */;
			targetProxy = 49211844248FFC8000D93EA3 /* PBXContainerItemProxy */;
		};
		49211850248FFC8000D93EA3 /* PBXTargetDependency */ = {
			isa = PBXTargetDependency;
			target = 49211829248FFC7B00D93EA3 /* Final Project */;
			targetProxy = 4921184F248FFC8000D93EA3 /* PBXContainerItemProxy */;
		};
/* End PBXTargetDependency section */

/* Begin PBXVariantGroup section */
		49211833248FFC7B00D93EA3 /* Main.storyboard */ = {
			isa = PBXVariantGroup;
			children = (
				49211834248FFC7B00D93EA3 /* Base */,
			);
			name = Main.storyboard;
			sourceTree = "<group>";
		};
		4921183B248FFC8000D93EA3 /* LaunchScreen.storyboard */ = {
			isa = PBXVariantGroup;
			children = (
				4921183C248FFC8000D93EA3 /* Base */,
			);
			name = LaunchScreen.storyboard;
			sourceTree = "<group>";
		};
/* End PBXVariantGroup section */

/* Begin XCBuildConfiguration section */
		49211855248FFC8000D93EA3 /* Debug */ = {
			isa = XCBuildConfiguration;
			buildSettings = {
				ALWAYS_SEARCH_USER_PATHS = NO;
				CLANG_ANALYZER_NONNULL = YES;
				CLANG_ANALYZER_NUMBER_OBJECT_CONVERSION = YES_AGGRESSIVE;
				CLANG_CXX_LANGUAGE_STANDARD = "gnu++14";
				CLANG_CXX_LIBRARY = "libc++";
				CLANG_ENABLE_MODULES = YES;
				CLANG_ENABLE_OBJC_ARC = YES;
				CLANG_ENABLE_OBJC_WEAK = YES;
				CLANG_WARN_BLOCK_CAPTURE_AUTORELEASING = YES;
				CLANG_WARN_BOOL_CONVERSION = YES;
				CLANG_WARN_COMMA = YES;
				CLANG_WARN_CONSTANT_CONVERSION = YES;
				CLANG_WARN_DEPRECATED_OBJC_IMPLEMENTATIONS = YES;
				CLANG_WARN_DIRECT_OBJC_ISA_USAGE = YES_ERROR;
				CLANG_WARN_DOCUMENTATION_COMMENTS = YES;
				CLANG_WARN_EMPTY_BODY = YES;
				CLANG_WARN_ENUM_CONVERSION = YES;
				CLANG_WARN_INFINITE_RECURSION = YES;
				CLANG_WARN_INT_CONVERSION = YES;
				CLANG_WARN_NON_LITERAL_NULL_CONVERSION = YES;
				CLANG_WARN_OBJC_IMPLICIT_RETAIN_SELF = YES;
				CLANG_WARN_OBJC_LITERAL_CONVERSION = YES;
				CLANG_WARN_OBJC_ROOT_CLASS = YES_ERROR;
				CLANG_WARN_RANGE_LOOP_ANALYSIS = YES;
				CLANG_WARN_STRICT_PROTOTYPES = YES;
				CLANG_WARN_SUSPICIOUS_MOVE = YES;
				CLANG_WARN_UNGUARDED_AVAILABILITY = YES_AGGRESSIVE;
				CLANG_WARN_UNREACHABLE_CODE = YES;
				CLANG_WARN__DUPLICATE_METHOD_MATCH = YES;
				COPY_PHASE_STRIP = NO;
				DEBUG_INFORMATION_FORMAT = dwarf;
				ENABLE_STRICT_OBJC_MSGSEND = YES;
				ENABLE_TESTABILITY = YES;
				GCC_C_LANGUAGE_STANDARD = gnu11;
				GCC_DYNAMIC_NO_PIC = NO;
				GCC_NO_COMMON_BLOCKS = YES;
				GCC_OPTIMIZATION_LEVEL = 0;
				GCC_PREPROCESSOR_DEFINITIONS = (
					"DEBUG=1",
					"$(inherited)",
				);
				GCC_WARN_64_TO_32_BIT_CONVERSION = YES;
				GCC_WARN_ABOUT_RETURN_TYPE = YES_ERROR;
				GCC_WARN_UNDECLARED_SELECTOR = YES;
				GCC_WARN_UNINITIALIZED_AUTOS = YES_AGGRESSIVE;
				GCC_WARN_UNUSED_FUNCTION = YES;
				GCC_WARN_UNUSED_VARIABLE = YES;
				IPHONEOS_DEPLOYMENT_TARGET = 13.5;
				MTL_ENABLE_DEBUG_INFO = INCLUDE_SOURCE;
				MTL_FAST_MATH = YES;
				ONLY_ACTIVE_ARCH = YES;
				SDKROOT = iphoneos;
				SWIFT_ACTIVE_COMPILATION_CONDITIONS = DEBUG;
				SWIFT_OPTIMIZATION_LEVEL = "-Onone";
			};
			name = Debug;
		};
		49211856248FFC8000D93EA3 /* Release */ = {
			isa = XCBuildConfiguration;
			buildSettings = {
				ALWAYS_SEARCH_USER_PATHS = NO;
				CLANG_ANALYZER_NONNULL = YES;
				CLANG_ANALYZER_NUMBER_OBJECT_CONVERSION = YES_AGGRESSIVE;
				CLANG_CXX_LANGUAGE_STANDARD = "gnu++14";
				CLANG_CXX_LIBRARY = "libc++";
				CLANG_ENABLE_MODULES = YES;
				CLANG_ENABLE_OBJC_ARC = YES;
				CLANG_ENABLE_OBJC_WEAK = YES;
				CLANG_WARN_BLOCK_CAPTURE_AUTORELEASING = YES;
				CLANG_WARN_BOOL_CONVERSION = YES;
				CLANG_WARN_COMMA = YES;
				CLANG_WARN_CONSTANT_CONVERSION = YES;
				CLANG_WARN_DEPRECATED_OBJC_IMPLEMENTATIONS = YES;
				CLANG_WARN_DIRECT_OBJC_ISA_USAGE = YES_ERROR;
				CLANG_WARN_DOCUMENTATION_COMMENTS = YES;
				CLANG_WARN_EMPTY_BODY = YES;
				CLANG_WARN_ENUM_CONVERSION = YES;
				CLANG_WARN_INFINITE_RECURSION = YES;
				CLANG_WARN_INT_CONVERSION = YES;
				CLANG_WARN_NON_LITERAL_NULL_CONVERSION = YES;
				CLANG_WARN_OBJC_IMPLICIT_RETAIN_SELF = YES;
				CLANG_WARN_OBJC_LITERAL_CONVERSION = YES;
				CLANG_WARN_OBJC_ROOT_CLASS = YES_ERROR;
				CLANG_WARN_RANGE_LOOP_ANALYSIS = YES;
				CLANG_WARN_STRICT_PROTOTYPES = YES;
				CLANG_WARN_SUSPICIOUS_MOVE = YES;
				CLANG_WARN_UNGUARDED_AVAILABILITY = YES_AGGRESSIVE;
				CLANG_WARN_UNREACHABLE_CODE = YES;
				CLANG_WARN__DUPLICATE_METHOD_MATCH = YES;
				COPY_PHASE_STRIP = NO;
				DEBUG_INFORMATION_FORMAT = "dwarf-with-dsym";
				ENABLE_NS_ASSERTIONS = NO;
				ENABLE_STRICT_OBJC_MSGSEND = YES;
				GCC_C_LANGUAGE_STANDARD = gnu11;
				GCC_NO_COMMON_BLOCKS = YES;
				GCC_WARN_64_TO_32_BIT_CONVERSION = YES;
				GCC_WARN_ABOUT_RETURN_TYPE = YES_ERROR;
				GCC_WARN_UNDECLARED_SELECTOR = YES;
				GCC_WARN_UNINITIALIZED_AUTOS = YES_AGGRESSIVE;
				GCC_WARN_UNUSED_FUNCTION = YES;
				GCC_WARN_UNUSED_VARIABLE = YES;
				IPHONEOS_DEPLOYMENT_TARGET = 13.5;
				MTL_ENABLE_DEBUG_INFO = NO;
				MTL_FAST_MATH = YES;
				SDKROOT = iphoneos;
				SWIFT_COMPILATION_MODE = wholemodule;
				SWIFT_OPTIMIZATION_LEVEL = "-O";
				VALIDATE_PRODUCT = YES;
			};
			name = Release;
		};
		49211858248FFC8000D93EA3 /* Debug */ = {
			isa = XCBuildConfiguration;
			buildSettings = {
				ASSETCATALOG_COMPILER_APPICON_NAME = AppIcon;
				CODE_SIGN_STYLE = Automatic;
				INFOPLIST_FILE = "Final Project/Info.plist";
				LD_RUNPATH_SEARCH_PATHS = (
					"$(inherited)",
					"@executable_path/Frameworks",
				);
				PRODUCT_BUNDLE_IDENTIFIER = "-.Final-Project";
				PRODUCT_NAME = "$(TARGET_NAME)";
				SWIFT_VERSION = 5.0;
				TARGETED_DEVICE_FAMILY = "1,2";
			};
			name = Debug;
		};
		49211859248FFC8000D93EA3 /* Release */ = {
			isa = XCBuildConfiguration;
			buildSettings = {
				ASSETCATALOG_COMPILER_APPICON_NAME = AppIcon;
				CODE_SIGN_STYLE = Automatic;
				INFOPLIST_FILE = "Final Project/Info.plist";
				LD_RUNPATH_SEARCH_PATHS = (
					"$(inherited)",
					"@executable_path/Frameworks",
				);
				PRODUCT_BUNDLE_IDENTIFIER = "-.Final-Project";
				PRODUCT_NAME = "$(TARGET_NAME)";
				SWIFT_VERSION = 5.0;
				TARGETED_DEVICE_FAMILY = "1,2";
			};
			name = Release;
		};
		4921185B248FFC8000D93EA3 /* Debug */ = {
			isa = XCBuildConfiguration;
			buildSettings = {
				ALWAYS_EMBED_SWIFT_STANDARD_LIBRARIES = YES;
				BUNDLE_LOADER = "$(TEST_HOST)";
				CODE_SIGN_STYLE = Automatic;
				INFOPLIST_FILE = "Final ProjectTests/Info.plist";
				IPHONEOS_DEPLOYMENT_TARGET = 13.5;
				LD_RUNPATH_SEARCH_PATHS = (
					"$(inherited)",
					"@executable_path/Frameworks",
					"@loader_path/Frameworks",
				);
				PRODUCT_BUNDLE_IDENTIFIER = "-.Final-ProjectTests";
				PRODUCT_NAME = "$(TARGET_NAME)";
				SWIFT_VERSION = 5.0;
				TARGETED_DEVICE_FAMILY = "1,2";
				TEST_HOST = "$(BUILT_PRODUCTS_DIR)/Final Project.app/Final Project";
			};
			name = Debug;
		};
		4921185C248FFC8000D93EA3 /* Release */ = {
			isa = XCBuildConfiguration;
			buildSettings = {
				ALWAYS_EMBED_SWIFT_STANDARD_LIBRARIES = YES;
				BUNDLE_LOADER = "$(TEST_HOST)";
				CODE_SIGN_STYLE = Automatic;
				INFOPLIST_FILE = "Final ProjectTests/Info.plist";
				IPHONEOS_DEPLOYMENT_TARGET = 13.5;
				LD_RUNPATH_SEARCH_PATHS = (
					"$(inherited)",
					"@executable_path/Frameworks",
					"@loader_path/Frameworks",
				);
				PRODUCT_BUNDLE_IDENTIFIER = "-.Final-ProjectTests";
				PRODUCT_NAME = "$(TARGET_NAME)";
				SWIFT_VERSION = 5.0;
				TARGETED_DEVICE_FAMILY = "1,2";
				TEST_HOST = "$(BUILT_PRODUCTS_DIR)/Final Project.app/Final Project";
			};
			name = Release;
		};
		4921185E248FFC8000D93EA3 /* Debug */ = {
			isa = XCBuildConfiguration;
			buildSettings = {
				ALWAYS_EMBED_SWIFT_STANDARD_LIBRARIES = YES;
				CODE_SIGN_STYLE = Automatic;
				INFOPLIST_FILE = "Final ProjectUITests/Info.plist";
				LD_RUNPATH_SEARCH_PATHS = (
					"$(inherited)",
					"@executable_path/Frameworks",
					"@loader_path/Frameworks",
				);
				PRODUCT_BUNDLE_IDENTIFIER = "-.Final-ProjectUITests";
				PRODUCT_NAME = "$(TARGET_NAME)";
				SWIFT_VERSION = 5.0;
				TARGETED_DEVICE_FAMILY = "1,2";
				TEST_TARGET_NAME = "Final Project";
			};
			name = Debug;
		};
		4921185F248FFC8000D93EA3 /* Release */ = {
			isa = XCBuildConfiguration;
			buildSettings = {
				ALWAYS_EMBED_SWIFT_STANDARD_LIBRARIES = YES;
				CODE_SIGN_STYLE = Automatic;
				INFOPLIST_FILE = "Final ProjectUITests/Info.plist";
				LD_RUNPATH_SEARCH_PATHS = (
					"$(inherited)",
					"@executable_path/Frameworks",
					"@loader_path/Frameworks",
				);
				PRODUCT_BUNDLE_IDENTIFIER = "-.Final-ProjectUITests";
				PRODUCT_NAME = "$(TARGET_NAME)";
				SWIFT_VERSION = 5.0;
				TARGETED_DEVICE_FAMILY = "1,2";
				TEST_TARGET_NAME = "Final Project";
			};
			name = Release;
		};
/* End XCBuildConfiguration section */

/* Begin XCConfigurationList section */
		49211825248FFC7B00D93EA3 /* Build configuration list for PBXProject "Final Project" */ = {
			isa = XCConfigurationList;
			buildConfigurations = (
				49211855248FFC8000D93EA3 /* Debug */,
				49211856248FFC8000D93EA3 /* Release */,
			);
			defaultConfigurationIsVisible = 0;
			defaultConfigurationName = Release;
		};
		49211857248FFC8000D93EA3 /* Build configuration list for PBXNativeTarget "Final Project" */ = {
			isa = XCConfigurationList;
			buildConfigurations = (
				49211858248FFC8000D93EA3 /* Debug */,
				49211859248FFC8000D93EA3 /* Release */,
			);
			defaultConfigurationIsVisible = 0;
			defaultConfigurationName = Release;
		};
		4921185A248FFC8000D93EA3 /* Build configuration list for PBXNativeTarget "Final ProjectTests" */ = {
			isa = XCConfigurationList;
			buildConfigurations = (
				4921185B248FFC8000D93EA3 /* Debug */,
				4921185C248FFC8000D93EA3 /* Release */,
			);
			defaultConfigurationIsVisible = 0;
			defaultConfigurationName = Release;
		};
		4921185D248FFC8000D93EA3 /* Build configuration list for PBXNativeTarget "Final ProjectUITests" */ = {
			isa = XCConfigurationList;
			buildConfigurations = (
				4921185E248FFC8000D93EA3 /* Debug */,
				4921185F248FFC8000D93EA3 /* Release */,
			);
			defaultConfigurationIsVisible = 0;
			defaultConfigurationName = Release;
		};
/* End XCConfigurationList section */

/* Begin XCVersionGroup section */
		49211836248FFC7B00D93EA3 /* Final_Project.xcdatamodeld */ = {
			isa = XCVersionGroup;
			children = (
				49211837248FFC7B00D93EA3 /* Final_Project.xcdatamodel */,
			);
			currentVersion = 49211837248FFC7B00D93EA3 /* Final_Project.xcdatamodel */;
			path = Final_Project.xcdatamodeld;
			sourceTree = "<group>";
			versionGroupType = wrapper.xcdatamodel;
		};
/* End XCVersionGroup section */
	};
	rootObject = 49211822248FFC7B00D93EA3 /* Project object */;
}
